
Microsoft Visual Studio Solution File, Format Version 12.00
# Visual Studio 15
VisualStudioVersion = 15.0.28010.2016
MinimumVisualStudioVersion = 10.0.40219.1
Project("{9A19103F-16F7-4668-BE54-9A1E7A4F7556}") = "Product.Api", "ProductCatalog\Product.Api.csproj", "{BB8EA597-44F2-4046-9DD6-EC0497C8BF30}"
EndProject
Project("{2150E333-8FDC-42A3-9474-1A3956D46DE8}") = "ProductApi", "ProductApi", "{E33B7518-D5C7-4015-9099-9FA0653D5DA3}"
EndProject
Project("{2150E333-8FDC-42A3-9474-1A3956D46DE8}") = "ProductUI", "ProductUI", "{6F38A3FB-2D16-4F3E-A551-C0D1884591F2}"
EndProject
Project("{9A19103F-16F7-4668-BE54-9A1E7A4F7556}") = "ProductCatalogUI", "ProductCatalogUI\ProductCatalogUI.csproj", "{D65E6FFB-70A7-479E-BEE4-FDA79E6A2A21}"
EndProject
Project("{FAE04EC0-301F-11D3-BF4B-00C04F79EFBC}") = "Product.Api.Contract", "ProductContract\Product.Api.Contract.csproj", "{12D46CE7-7166-4C74-94BD-DE9A4BC81322}"
EndProject
Global
	GlobalSection(SolutionConfigurationPlatforms) = preSolution
		Debug|Any CPU = Debug|Any CPU
		Release|Any CPU = Release|Any CPU
	EndGlobalSection
	GlobalSection(ProjectConfigurationPlatforms) = postSolution
		{BB8EA597-44F2-4046-9DD6-EC0497C8BF30}.Debug|Any CPU.ActiveCfg = Debug|Any CPU
		{BB8EA597-44F2-4046-9DD6-EC0497C8BF30}.Debug|Any CPU.Build.0 = Debug|Any CPU
		{BB8EA597-44F2-4046-9DD6-EC0497C8BF30}.Release|Any CPU.ActiveCfg = Release|Any CPU
		{BB8EA597-44F2-4046-9DD6-EC0497C8BF30}.Release|Any CPU.Build.0 = Release|Any CPU
		{D65E6FFB-70A7-479E-BEE4-FDA79E6A2A21}.Debug|Any CPU.ActiveCfg = Debug|Any CPU
		{D65E6FFB-70A7-479E-BEE4-FDA79E6A2A21}.Debug|Any CPU.Build.0 = Debug|Any CPU
		{D65E6FFB-70A7-479E-BEE4-FDA79E6A2A21}.Release|Any CPU.ActiveCfg = Release|Any CPU
		{D65E6FFB-70A7-479E-BEE4-FDA79E6A2A21}.Release|Any CPU.Build.0 = Release|Any CPU
		{12D46CE7-7166-4C74-94BD-DE9A4BC81322}.Debug|Any CPU.ActiveCfg = Debug|Any CPU
		{12D46CE7-7166-4C74-94BD-DE9A4BC81322}.Debug|Any CPU.Build.0 = Debug|Any CPU
		{12D46CE7-7166-4C74-94BD-DE9A4BC81322}.Release|Any CPU.ActiveCfg = Release|Any CPU
		{12D46CE7-7166-4C74-94BD-DE9A4BC81322}.Release|Any CPU.Build.0 = Release|Any CPU
	EndGlobalSection
	GlobalSection(SolutionProperties) = preSolution
		HideSolutionNode = FALSE
	EndGlobalSection
	GlobalSection(NestedProjects) = preSolution
		{BB8EA597-44F2-4046-9DD6-EC0497C8BF30} = {E33B7518-D5C7-4015-9099-9FA0653D5DA3}
		{D65E6FFB-70A7-479E-BEE4-FDA79E6A2A21} = {6F38A3FB-2D16-4F3E-A551-C0D1884591F2}
		{12D46CE7-7166-4C74-94BD-DE9A4BC81322} = {E33B7518-D5C7-4015-9099-9FA0653D5DA3}
	EndGlobalSection
	GlobalSection(ExtensibilityGlobals) = postSolution
		SolutionGuid = {BEF5B4E8-C20A-4190-996A-4672D9091CA7}
	EndGlobalSection
EndGlobal
